
Microsoft Visual Studio Solution File, Format Version 12.00
# Visual Studio 15
VisualStudioVersion = 15.0.28307.271
MinimumVisualStudioVersion = 10.0.40219.1
Project("{FAE04EC0-301F-11D3-BF4B-00C04F79EFBC}") = "FileLoggerKata1", "FileLoggerKata1\FileLoggerKata1.csproj", "{A0D7714F-5105-4F92-B2E8-72D7B5DAF8F9}"
EndProject
Global
	GlobalSection(SolutionConfigurationPlatforms) = preSolution
		Debug|Any CPU = Debug|Any CPU
		Release|Any CPU = Release|Any CPU
	EndGlobalSection
	GlobalSection(ProjectConfigurationPlatforms) = postSolution
		{A0D7714F-5105-4F92-B2E8-72D7B5DAF8F9}.Debug|Any CPU.ActiveCfg = Debug|Any CPU
		{A0D7714F-5105-4F92-B2E8-72D7B5DAF8F9}.Debug|Any CPU.Build.0 = Debug|Any CPU
		{A0D7714F-5105-4F92-B2E8-72D7B5DAF8F9}.Release|Any CPU.ActiveCfg = Release|Any CPU
		{A0D7714F-5105-4F92-B2E8-72D7B5DAF8F9}.Release|Any CPU.Build.0 = Release|Any CPU
	EndGlobalSection
	GlobalSection(SolutionProperties) = preSolution
		HideSolutionNode = FALSE
	EndGlobalSection
	GlobalSection(ExtensibilityGlobals) = postSolution
		SolutionGuid = {94CD0DA2-503A-48B4-A85A-C138B1323149}
	EndGlobalSection
EndGlobal
